
Microsoft Visual Studio Solution File, Format Version 12.00
# Visual Studio 15
VisualStudioVersion = 15.0.26124.0
MinimumVisualStudioVersion = 15.0.26124.0
Project("{FAE04EC0-301F-11D3-BF4B-00C04F79EFBC}") = "Jab", "Jab\Jab.csproj", "{98E092C6-55A0-4B03-9869-FEBD133197FD}"
EndProject
Project("{FAE04EC0-301F-11D3-BF4B-00C04F79EFBC}") = "Jab.Tests", "Jab.Tests\Jab.Tests.csproj", "{53977B67-1A0D-4DE5-8E95-53928263A801}"
EndProject
Project("{FAE04EC0-301F-11D3-BF4B-00C04F79EFBC}") = "ConsoleSample", "samples\ConsoleSample\ConsoleSample.csproj", "{9659360E-9F62-4932-A611-4874C295F472}"
EndProject
Project("{FAE04EC0-301F-11D3-BF4B-00C04F79EFBC}") = "Jab.Performance", "Jab.Performance\Jab.Performance.csproj", "{11B79281-2582-45F1-BC90-8BF4EFF2319D}"
EndProject
Global
	GlobalSection(SolutionConfigurationPlatforms) = preSolution
		Debug|Any CPU = Debug|Any CPU
		Debug|x64 = Debug|x64
		Debug|x86 = Debug|x86
		Release|Any CPU = Release|Any CPU
		Release|x64 = Release|x64
		Release|x86 = Release|x86
	EndGlobalSection
	GlobalSection(SolutionProperties) = preSolution
		HideSolutionNode = FALSE
	EndGlobalSection
	GlobalSection(ProjectConfigurationPlatforms) = postSolution
		{98E092C6-55A0-4B03-9869-FEBD133197FD}.Debug|Any CPU.ActiveCfg = Debug|Any CPU
		{98E092C6-55A0-4B03-9869-FEBD133197FD}.Debug|Any CPU.Build.0 = Debug|Any CPU
		{98E092C6-55A0-4B03-9869-FEBD133197FD}.Debug|x64.ActiveCfg = Debug|Any CPU
		{98E092C6-55A0-4B03-9869-FEBD133197FD}.Debug|x64.Build.0 = Debug|Any CPU
		{98E092C6-55A0-4B03-9869-FEBD133197FD}.Debug|x86.ActiveCfg = Debug|Any CPU
		{98E092C6-55A0-4B03-9869-FEBD133197FD}.Debug|x86.Build.0 = Debug|Any CPU
		{98E092C6-55A0-4B03-9869-FEBD133197FD}.Release|Any CPU.ActiveCfg = Release|Any CPU
		{98E092C6-55A0-4B03-9869-FEBD133197FD}.Release|Any CPU.Build.0 = Release|Any CPU
		{98E092C6-55A0-4B03-9869-FEBD133197FD}.Release|x64.ActiveCfg = Release|Any CPU
		{98E092C6-55A0-4B03-9869-FEBD133197FD}.Release|x64.Build.0 = Release|Any CPU
		{98E092C6-55A0-4B03-9869-FEBD133197FD}.Release|x86.ActiveCfg = Release|Any CPU
		{98E092C6-55A0-4B03-9869-FEBD133197FD}.Release|x86.Build.0 = Release|Any CPU
		{53977B67-1A0D-4DE5-8E95-53928263A801}.Debug|Any CPU.ActiveCfg = Debug|Any CPU
		{53977B67-1A0D-4DE5-8E95-53928263A801}.Debug|Any CPU.Build.0 = Debug|Any CPU
		{53977B67-1A0D-4DE5-8E95-53928263A801}.Debug|x64.ActiveCfg = Debug|Any CPU
		{53977B67-1A0D-4DE5-8E95-53928263A801}.Debug|x64.Build.0 = Debug|Any CPU
		{53977B67-1A0D-4DE5-8E95-53928263A801}.Debug|x86.ActiveCfg = Debug|Any CPU
		{53977B67-1A0D-4DE5-8E95-53928263A801}.Debug|x86.Build.0 = Debug|Any CPU
		{53977B67-1A0D-4DE5-8E95-53928263A801}.Release|Any CPU.ActiveCfg = Release|Any CPU
		{53977B67-1A0D-4DE5-8E95-53928263A801}.Release|Any CPU.Build.0 = Release|Any CPU
		{53977B67-1A0D-4DE5-8E95-53928263A801}.Release|x64.ActiveCfg = Release|Any CPU
		{53977B67-1A0D-4DE5-8E95-53928263A801}.Release|x64.Build.0 = Release|Any CPU
		{53977B67-1A0D-4DE5-8E95-53928263A801}.Release|x86.ActiveCfg = Release|Any CPU
		{53977B67-1A0D-4DE5-8E95-53928263A801}.Release|x86.Build.0 = Release|Any CPU
		{9659360E-9F62-4932-A611-4874C295F472}.Debug|Any CPU.ActiveCfg = Debug|Any CPU
		{9659360E-9F62-4932-A611-4874C295F472}.Debug|Any CPU.Build.0 = Debug|Any CPU
		{9659360E-9F62-4932-A611-4874C295F472}.Debug|x64.ActiveCfg = Debug|Any CPU
		{9659360E-9F62-4932-A611-4874C295F472}.Debug|x64.Build.0 = Debug|Any CPU
		{9659360E-9F62-4932-A611-4874C295F472}.Debug|x86.ActiveCfg = Debug|Any CPU
		{9659360E-9F62-4932-A611-4874C295F472}.Debug|x86.Build.0 = Debug|Any CPU
		{9659360E-9F62-4932-A611-4874C295F472}.Release|Any CPU.ActiveCfg = Release|Any CPU
		{9659360E-9F62-4932-A611-4874C295F472}.Release|Any CPU.Build.0 = Release|Any CPU
		{9659360E-9F62-4932-A611-4874C295F472}.Release|x64.ActiveCfg = Release|Any CPU
		{9659360E-9F62-4932-A611-4874C295F472}.Release|x64.Build.0 = Release|Any CPU
		{9659360E-9F62-4932-A611-4874C295F472}.Release|x86.ActiveCfg = Release|Any CPU
		{9659360E-9F62-4932-A611-4874C295F472}.Release|x86.Build.0 = Release|Any CPU
		{11B79281-2582-45F1-BC90-8BF4EFF2319D}.Debug|Any CPU.ActiveCfg = Debug|Any CPU
		{11B79281-2582-45F1-BC90-8BF4EFF2319D}.Debug|Any CPU.Build.0 = Debug|Any CPU
		{11B79281-2582-45F1-BC90-8BF4EFF2319D}.Debug|x64.ActiveCfg = Debug|Any CPU
		{11B79281-2582-45F1-BC90-8BF4EFF2319D}.Debug|x64.Build.0 = Debug|Any CPU
		{11B79281-2582-45F1-BC90-8BF4EFF2319D}.Debug|x86.ActiveCfg = Debug|Any CPU
		{11B79281-2582-45F1-BC90-8BF4EFF2319D}.Debug|x86.Build.0 = Debug|Any CPU
		{11B79281-2582-45F1-BC90-8BF4EFF2319D}.Release|Any CPU.ActiveCfg = Release|Any CPU
		{11B79281-2582-45F1-BC90-8BF4EFF2319D}.Release|Any CPU.Build.0 = Release|Any CPU
		{11B79281-2582-45F1-BC90-8BF4EFF2319D}.Release|x64.ActiveCfg = Release|Any CPU
		{11B79281-2582-45F1-BC90-8BF4EFF2319D}.Release|x64.Build.0 = Release|Any CPU
		{11B79281-2582-45F1-BC90-8BF4EFF2319D}.Release|x86.ActiveCfg = Release|Any CPU
		{11B79281-2582-45F1-BC90-8BF4EFF2319D}.Release|x86.Build.0 = Release|Any CPU
	EndGlobalSection
EndGlobal
